
Microsoft Visual Studio Solution File, Format Version 12.00
# Visual Studio Version 17
VisualStudioVersion = 17.8.34525.116
MinimumVisualStudioVersion = 10.0.40219.1
Project("{FAE04EC0-301F-11D3-BF4B-00C04F79EFBC}") = "EFCoreDemoApp", "EFCoreDemoApp\EFCoreDemoApp.csproj", "{49B3F641-5C64-4D6F-9748-4A0A72AB6226}"
EndProject
Project("{E53339B2-1760-4266-BCC7-CA923CBCF16C}") = "docker-compose", "docker-compose.dcproj", "{655CC078-1656-45E0-A678-BB76FA21FFE3}"
EndProject
Global
	GlobalSection(SolutionConfigurationPlatforms) = preSolution
		Debug|Any CPU = Debug|Any CPU
		Release|Any CPU = Release|Any CPU
	EndGlobalSection
	GlobalSection(ProjectConfigurationPlatforms) = postSolution
		{49B3F641-5C64-4D6F-9748-4A0A72AB6226}.Debug|Any CPU.ActiveCfg = Debug|Any CPU
		{49B3F641-5C64-4D6F-9748-4A0A72AB6226}.Debug|Any CPU.Build.0 = Debug|Any CPU
		{49B3F641-5C64-4D6F-9748-4A0A72AB6226}.Release|Any CPU.ActiveCfg = Release|Any CPU
		{49B3F641-5C64-4D6F-9748-4A0A72AB6226}.Release|Any CPU.Build.0 = Release|Any CPU
		{655CC078-1656-45E0-A678-BB76FA21FFE3}.Debug|Any CPU.ActiveCfg = Debug|Any CPU
		{655CC078-1656-45E0-A678-BB76FA21FFE3}.Debug|Any CPU.Build.0 = Debug|Any CPU
		{655CC078-1656-45E0-A678-BB76FA21FFE3}.Release|Any CPU.ActiveCfg = Release|Any CPU
		{655CC078-1656-45E0-A678-BB76FA21FFE3}.Release|Any CPU.Build.0 = Release|Any CPU
	EndGlobalSection
	GlobalSection(SolutionProperties) = preSolution
		HideSolutionNode = FALSE
	EndGlobalSection
	GlobalSection(ExtensibilityGlobals) = postSolution
		SolutionGuid = {8204C817-457D-49EB-9775-7E3CCFF76896}
	EndGlobalSection
EndGlobal
